{
  "requires": true,
  "lockfileVersion": 1,
  "dependencies": {
    "angular.piechart": {
      "version": "0.2.8",
      "resolved": "https://registry.npmjs.org/angular.piechart/-/angular.piechart-0.2.8.tgz",
      "integrity": "sha512-MfpfmllerFWNbWrBGlaiqQTlmLutxO7pxXC/7244mM9drO/cacqIaSEUWpGyp1iWTJUct9z46tvn69NpXmQwUA==",
      "requires": {
        "jquery": "^1.5"
      }
    },
    "jquery": {
      "version": "1.12.4",
      "resolved": "https://registry.npmjs.org/jquery/-/jquery-1.12.4.tgz",
      "integrity": "sha1-AeHfuikP5z3rp3zurLD5ui/sngw="
    }
  }
}
